// !$*UTF8*$!
{
	archiveVersion = 1;
	classes = {
	};
	objectVersion = 50;
	objects = {

/* Begin PBXBuildFile section */
		0D15C1742406CC6A00DDF59D /* AppDelegate.swift in Sources */ = {isa = PBXBuildFile; fileRef = 0D15C1732406CC6A00DDF59D /* AppDelegate.swift */; };
		0D15C1762406CC6B00DDF59D /* SceneDelegate.swift in Sources */ = {isa = PBXBuildFile; fileRef = 0D15C1752406CC6B00DDF59D /* SceneDelegate.swift */; };
		0D15C1782406CC6B00DDF59D /* ViewController.swift in Sources */ = {isa = PBXBuildFile; fileRef = 0D15C1772406CC6B00DDF59D /* ViewController.swift */; };
		0D15C17B2406CC6B00DDF59D /* Main.storyboard in Resources */ = {isa = PBXBuildFile; fileRef = 0D15C1792406CC6B00DDF59D /* Main.storyboard */; };
		0D15C17D2406CC7200DDF59D /* Assets.xcassets in Resources */ = {isa = PBXBuildFile; fileRef = 0D15C17C2406CC7200DDF59D /* Assets.xcassets */; };
		0D15C1802406CC7200DDF59D /* LaunchScreen.storyboard in Resources */ = {isa = PBXBuildFile; fileRef = 0D15C17E2406CC7200DDF59D /* LaunchScreen.storyboard */; };
		0D15C18B2406CC7300DDF59D /* MusicByLocationTests.swift in Sources */ = {isa = PBXBuildFile; fileRef = 0D15C18A2406CC7300DDF59D /* MusicByLocationTests.swift */; };
		0D15C1962406CC7300DDF59D /* MusicByLocationUITests.swift in Sources */ = {isa = PBXBuildFile; fileRef = 0D15C1952406CC7300DDF59D /* MusicByLocationUITests.swift */; };
		0D15C1A42409618100DDF59D /* ArtistResponse.swift in Sources */ = {isa = PBXBuildFile; fileRef = 0D15C1A32409618100DDF59D /* ArtistResponse.swift */; };
		0D15C1A6240961DD00DDF59D /* Artist.swift in Sources */ = {isa = PBXBuildFile; fileRef = 0D15C1A5240961DC00DDF59D /* Artist.swift */; };
		0D15C1AA24102F8F00DDF59D /* ITunesAdaptor.swift in Sources */ = {isa = PBXBuildFile; fileRef = 0D15C1A924102F8F00DDF59D /* ITunesAdaptor.swift */; };
		0D15C1AC2411696E00DDF59D /* LocationManagerDelegate.swift in Sources */ = {isa = PBXBuildFile; fileRef = 0D15C1AB2411696D00DDF59D /* LocationManagerDelegate.swift */; };
/* End PBXBuildFile section */

/* Begin PBXContainerItemProxy section */
		0D15C1872406CC7300DDF59D /* PBXContainerItemProxy */ = {
			isa = PBXContainerItemProxy;
			containerPortal = 0D15C1682406CC6A00DDF59D /* Project object */;
			proxyType = 1;
			remoteGlobalIDString = 0D15C16F2406CC6A00DDF59D;
			remoteInfo = MusicByLocation;
		};
		0D15C1922406CC7300DDF59D /* PBXContainerItemProxy */ = {
			isa = PBXContainerItemProxy;
			containerPortal = 0D15C1682406CC6A00DDF59D /* Project object */;
			proxyType = 1;
			remoteGlobalIDString = 0D15C16F2406CC6A00DDF59D;
			remoteInfo = MusicByLocation;
		};
/* End PBXContainerItemProxy section */

/* Begin PBXFileReference section */
		0D15C1702406CC6A00DDF59D /* MusicByLocation.app */ = {isa = PBXFileReference; explicitFileType = wrapper.application; includeInIndex = 0; path = MusicByLocation.app; sourceTree = BUILT_PRODUCTS_DIR; };
		0D15C1732406CC6A00DDF59D /* AppDelegate.swift */ = {isa = PBXFileReference; lastKnownFileType = sourcecode.swift; path = AppDelegate.swift; sourceTree = "<group>"; };
		0D15C1752406CC6B00DDF59D /* SceneDelegate.swift */ = {isa = PBXFileReference; lastKnownFileType = sourcecode.swift; path = SceneDelegate.swift; sourceTree = "<group>"; };
		0D15C1772406CC6B00DDF59D /* ViewController.swift */ = {isa = PBXFileReference; lastKnownFileType = sourcecode.swift; path = ViewController.swift; sourceTree = "<group>"; };
		0D15C17A2406CC6B00DDF59D /* Base */ = {isa = PBXFileReference; lastKnownFileType = file.storyboard; name = Base; path = Base.lproj/Main.storyboard; sourceTree = "<group>"; };
		0D15C17C2406CC7200DDF59D /* Assets.xcassets */ = {isa = PBXFileReference; lastKnownFileType = folder.assetcatalog; path = Assets.xcassets; sourceTree = "<group>"; };
		0D15C17F2406CC7200DDF59D /* Base */ = {isa = PBXFileReference; lastKnownFileType = file.storyboard; name = Base; path = Base.lproj/LaunchScreen.storyboard; sourceTree = "<group>"; };
		0D15C1812406CC7200DDF59D /* Info.plist */ = {isa = PBXFileReference; lastKnownFileType = text.plist.xml; path = Info.plist; sourceTree = "<group>"; };
		0D15C1862406CC7300DDF59D /* MusicByLocationTests.xctest */ = {isa = PBXFileReference; explicitFileType = wrapper.cfbundle; includeInIndex = 0; path = MusicByLocationTests.xctest; sourceTree = BUILT_PRODUCTS_DIR; };
		0D15C18A2406CC7300DDF59D /* MusicByLocationTests.swift */ = {isa = PBXFileReference; lastKnownFileType = sourcecode.swift; path = MusicByLocationTests.swift; sourceTree = "<group>"; };
		0D15C18C2406CC7300DDF59D /* Info.plist */ = {isa = PBXFileReference; lastKnownFileType = text.plist.xml; path = Info.plist; sourceTree = "<group>"; };
		0D15C1912406CC7300DDF59D /* MusicByLocationUITests.xctest */ = {isa = PBXFileReference; explicitFileType = wrapper.cfbundle; includeInIndex = 0; path = MusicByLocationUITests.xctest; sourceTree = BUILT_PRODUCTS_DIR; };
		0D15C1952406CC7300DDF59D /* MusicByLocationUITests.swift */ = {isa = PBXFileReference; lastKnownFileType = sourcecode.swift; path = MusicByLocationUITests.swift; sourceTree = "<group>"; };
		0D15C1972406CC7300DDF59D /* Info.plist */ = {isa = PBXFileReference; lastKnownFileType = text.plist.xml; path = Info.plist; sourceTree = "<group>"; };
		0D15C1A32409618100DDF59D /* ArtistResponse.swift */ = {isa = PBXFileReference; lastKnownFileType = sourcecode.swift; path = ArtistResponse.swift; sourceTree = "<group>"; };
		0D15C1A5240961DC00DDF59D /* Artist.swift */ = {isa = PBXFileReference; lastKnownFileType = sourcecode.swift; path = Artist.swift; sourceTree = "<group>"; };
		0D15C1A924102F8F00DDF59D /* ITunesAdaptor.swift */ = {isa = PBXFileReference; lastKnownFileType = sourcecode.swift; path = ITunesAdaptor.swift; sourceTree = "<group>"; };
		0D15C1AB2411696D00DDF59D /* LocationManagerDelegate.swift */ = {isa = PBXFileReference; lastKnownFileType = sourcecode.swift; path = LocationManagerDelegate.swift; sourceTree = "<group>"; };
/* End PBXFileReference section */

/* Begin PBXFrameworksBuildPhase section */
		0D15C16D2406CC6A00DDF59D /* Frameworks */ = {
			isa = PBXFrameworksBuildPhase;
			buildActionMask = 2147483647;
			files = (
			);
			runOnlyForDeploymentPostprocessing = 0;
		};
		0D15C1832406CC7300DDF59D /* Frameworks */ = {
			isa = PBXFrameworksBuildPhase;
			buildActionMask = 2147483647;
			files = (
			);
			runOnlyForDeploymentPostprocessing = 0;
		};
		0D15C18E2406CC7300DDF59D /* Frameworks */ = {
			isa = PBXFrameworksBuildPhase;
			buildActionMask = 2147483647;
			files = (
			);
			runOnlyForDeploymentPostprocessing = 0;
		};
/* End PBXFrameworksBuildPhase section */

/* Begin PBXGroup section */
		0D15C1672406CC6A00DDF59D = {
			isa = PBXGroup;
			children = (
				0D15C1722406CC6A00DDF59D /* MusicByLocation */,
				0D15C1892406CC7300DDF59D /* MusicByLocationTests */,
				0D15C1942406CC7300DDF59D /* MusicByLocationUITests */,
				0D15C1712406CC6A00DDF59D /* Products */,
			);
			sourceTree = "<group>";
		};
		0D15C1712406CC6A00DDF59D /* Products */ = {
			isa = PBXGroup;
			children = (
				0D15C1702406CC6A00DDF59D /* MusicByLocation.app */,
				0D15C1862406CC7300DDF59D /* MusicByLocationTests.xctest */,
				0D15C1912406CC7300DDF59D /* MusicByLocationUITests.xctest */,
			);
			name = Products;
			sourceTree = "<group>";
		};
		0D15C1722406CC6A00DDF59D /* MusicByLocation */ = {
			isa = PBXGroup;
			children = (
				0D15C1732406CC6A00DDF59D /* AppDelegate.swift */,
				0D15C1752406CC6B00DDF59D /* SceneDelegate.swift */,
				0D15C1772406CC6B00DDF59D /* ViewController.swift */,
				0D15C1792406CC6B00DDF59D /* Main.storyboard */,
				0D15C17C2406CC7200DDF59D /* Assets.xcassets */,
				0D15C17E2406CC7200DDF59D /* LaunchScreen.storyboard */,
				0D15C1812406CC7200DDF59D /* Info.plist */,
				0D15C1A32409618100DDF59D /* ArtistResponse.swift */,
				0D15C1A5240961DC00DDF59D /* Artist.swift */,
				0D15C1A924102F8F00DDF59D /* ITunesAdaptor.swift */,
				0D15C1AB2411696D00DDF59D /* LocationManagerDelegate.swift */,
			);
			path = MusicByLocation;
			sourceTree = "<group>";
		};
		0D15C1892406CC7300DDF59D /* MusicByLocationTests */ = {
			isa = PBXGroup;
			children = (
				0D15C18A2406CC7300DDF59D /* MusicByLocationTests.swift */,
				0D15C18C2406CC7300DDF59D /* Info.plist */,
			);
			path = MusicByLocationTests;
			sourceTree = "<group>";
		};
		0D15C1942406CC7300DDF59D /* MusicByLocationUITests */ = {
			isa = PBXGroup;
			children = (
				0D15C1952406CC7300DDF59D /* MusicByLocationUITests.swift */,
				0D15C1972406CC7300DDF59D /* Info.plist */,
			);
			path = MusicByLocationUITests;
			sourceTree = "<group>";
		};
/* End PBXGroup section */

/* Begin PBXNativeTarget section */
		0D15C16F2406CC6A00DDF59D /* MusicByLocation */ = {
			isa = PBXNativeTarget;
			buildConfigurationList = 0D15C19A2406CC7300DDF59D /* Build configuration list for PBXNativeTarget "MusicByLocation" */;
			buildPhases = (
				0D15C16C2406CC6A00DDF59D /* Sources */,
				0D15C16D2406CC6A00DDF59D /* Frameworks */,
				0D15C16E2406CC6A00DDF59D /* Resources */,
			);
			buildRules = (
			);
			dependencies = (
			);
			name = MusicByLocation;
			productName = MusicByLocation;
			productReference = 0D15C1702406CC6A00DDF59D /* MusicByLocation.app */;
			productType = "com.apple.product-type.application";
		};
		0D15C1852406CC7300DDF59D /* MusicByLocationTests */ = {
			isa = PBXNativeTarget;
			buildConfigurationList = 0D15C19D2406CC7300DDF59D /* Build configuration list for PBXNativeTarget "MusicByLocationTests" */;
			buildPhases = (
				0D15C1822406CC7300DDF59D /* Sources */,
				0D15C1832406CC7300DDF59D /* Frameworks */,
				0D15C1842406CC7300DDF59D /* Resources */,
			);
			buildRules = (
			);
			dependencies = (
				0D15C1882406CC7300DDF59D /* PBXTargetDependency */,
			);
			name = MusicByLocationTests;
			productName = MusicByLocationTests;
			productReference = 0D15C1862406CC7300DDF59D /* MusicByLocationTests.xctest */;
			productType = "com.apple.product-type.bundle.unit-test";
		};
		0D15C1902406CC7300DDF59D /* MusicByLocationUITests */ = {
			isa = PBXNativeTarget;
			buildConfigurationList = 0D15C1A02406CC7300DDF59D /* Build configuration list for PBXNativeTarget "MusicByLocationUITests" */;
			buildPhases = (
				0D15C18D2406CC7300DDF59D /* Sources */,
				0D15C18E2406CC7300DDF59D /* Frameworks */,
				0D15C18F2406CC7300DDF59D /* Resources */,
			);
			buildRules = (
			);
			dependencies = (
				0D15C1932406CC7300DDF59D /* PBXTargetDependency */,
			);
			name = MusicByLocationUITests;
			productName = MusicByLocationUITests;
			productReference = 0D15C1912406CC7300DDF59D /* MusicByLocationUITests.xctest */;
			productType = "com.apple.product-type.bundle.ui-testing";
		};
/* End PBXNativeTarget section */

/* Begin PBXProject section */
		0D15C1682406CC6A00DDF59D /* Project object */ = {
			isa = PBXProject;
			attributes = {
				LastSwiftUpdateCheck = 1130;
				LastUpgradeCheck = 1130;
				ORGANIZATIONNAME = "JJ Andrew";
				TargetAttributes = {
					0D15C16F2406CC6A00DDF59D = {
						CreatedOnToolsVersion = 11.3;
					};
					0D15C1852406CC7300DDF59D = {
						CreatedOnToolsVersion = 11.3;
						TestTargetID = 0D15C16F2406CC6A00DDF59D;
					};
					0D15C1902406CC7300DDF59D = {
						CreatedOnToolsVersion = 11.3;
						TestTargetID = 0D15C16F2406CC6A00DDF59D;
					};
				};
			};
			buildConfigurationList = 0D15C16B2406CC6A00DDF59D /* Build configuration list for PBXProject "MusicByLocation" */;
			compatibilityVersion = "Xcode 9.3";
			developmentRegion = en;
			hasScannedForEncodings = 0;
			knownRegions = (
				en,
				Base,
			);
			mainGroup = 0D15C1672406CC6A00DDF59D;
			productRefGroup = 0D15C1712406CC6A00DDF59D /* Products */;
			projectDirPath = "";
			projectRoot = "";
			targets = (
				0D15C16F2406CC6A00DDF59D /* MusicByLocation */,
				0D15C1852406CC7300DDF59D /* MusicByLocationTests */,
				0D15C1902406CC7300DDF59D /* MusicByLocationUITests */,
			);
		};
/* End PBXProject section */

/* Begin PBXResourcesBuildPhase section */
		0D15C16E2406CC6A00DDF59D /* Resources */ = {
			isa = PBXResourcesBuildPhase;
			buildActionMask = 2147483647;
			files = (
				0D15C1802406CC7200DDF59D /* LaunchScreen.storyboard in Resources */,
				0D15C17D2406CC7200DDF59D /* Assets.xcassets in Resources */,
				0D15C17B2406CC6B00DDF59D /* Main.storyboard in Resources */,
			);
			runOnlyForDeploymentPostprocessing = 0;
		};
		0D15C1842406CC7300DDF59D /* Resources */ = {
			isa = PBXResourcesBuildPhase;
			buildActionMask = 2147483647;
			files = (
			);
			runOnlyForDeploymentPostprocessing = 0;
		};
		0D15C18F2406CC7300DDF59D /* Resources */ = {
			isa = PBXResourcesBuildPhase;
			buildActionMask = 2147483647;
			files = (
			);
			runOnlyForDeploymentPostprocessing = 0;
		};
/* End PBXResourcesBuildPhase section */

/* Begin PBXSourcesBuildPhase section */
		0D15C16C2406CC6A00DDF59D /* Sources */ = {
			isa = PBXSourcesBuildPhase;
			buildActionMask = 2147483647;
			files = (
				0D15C1782406CC6B00DDF59D /* ViewController.swift in Sources */,
				0D15C1AA24102F8F00DDF59D /* ITunesAdaptor.swift in Sources */,
				0D15C1A42409618100DDF59D /* ArtistResponse.swift in Sources */,
				0D15C1742406CC6A00DDF59D /* AppDelegate.swift in Sources */,
				0D15C1A6240961DD00DDF59D /* Artist.swift in Sources */,
				0D15C1AC2411696E00DDF59D /* LocationManagerDelegate.swift in Sources */,
				0D15C1762406CC6B00DDF59D /* SceneDelegate.swift in Sources */,
			);
			runOnlyForDeploymentPostprocessing = 0;
		};
		0D15C1822406CC7300DDF59D /* Sources */ = {
			isa = PBXSourcesBuildPhase;
			buildActionMask = 2147483647;
			files = (
				0D15C18B2406CC7300DDF59D /* MusicByLocationTests.swift in Sources */,
			);
			runOnlyForDeploymentPostprocessing = 0;
		};
		0D15C18D2406CC7300DDF59D /* Sources */ = {
			isa = PBXSourcesBuildPhase;
			buildActionMask = 2147483647;
			files = (
				0D15C1962406CC7300DDF59D /* MusicByLocationUITests.swift in Sources */,
			);
			runOnlyForDeploymentPostprocessing = 0;
		};
/* End PBXSourcesBuildPhase section */

/* Begin PBXTargetDependency section */
		0D15C1882406CC7300DDF59D /* PBXTargetDependency */ = {
			isa = PBXTargetDependency;
			target = 0D15C16F2406CC6A00DDF59D /* MusicByLocation */;
			targetProxy = 0D15C1872406CC7300DDF59D /* PBXContainerItemProxy */;
		};
		0D15C1932406CC7300DDF59D /* PBXTargetDependency */ = {
			isa = PBXTargetDependency;
			target = 0D15C16F2406CC6A00DDF59D /* MusicByLocation */;
			targetProxy = 0D15C1922406CC7300DDF59D /* PBXContainerItemProxy */;
		};
/* End PBXTargetDependency section */

/* Begin PBXVariantGroup section */
		0D15C1792406CC6B00DDF59D /* Main.storyboard */ = {
			isa = PBXVariantGroup;
			children = (
				0D15C17A2406CC6B00DDF59D /* Base */,
			);
			name = Main.storyboard;
			sourceTree = "<group>";
		};
		0D15C17E2406CC7200DDF59D /* LaunchScreen.storyboard */ = {
			isa = PBXVariantGroup;
			children = (
				0D15C17F2406CC7200DDF59D /* Base */,
			);
			name = LaunchScreen.storyboard;
			sourceTree = "<group>";
		};
/* End PBXVariantGroup section */

/* Begin XCBuildConfiguration section */
		0D15C1982406CC7300DDF59D /* Debug */ = {
			isa = XCBuildConfiguration;
			buildSettings = {
				ALWAYS_SEARCH_USER_PATHS = NO;
				CLANG_ANALYZER_NONNULL = YES;
				CLANG_ANALYZER_NUMBER_OBJECT_CONVERSION = YES_AGGRESSIVE;
				CLANG_CXX_LANGUAGE_STANDARD = "gnu++14";
				CLANG_CXX_LIBRARY = "libc++";
				CLANG_ENABLE_MODULES = YES;
				CLANG_ENABLE_OBJC_ARC = YES;
				CLANG_ENABLE_OBJC_WEAK = YES;
				CLANG_WARN_BLOCK_CAPTURE_AUTORELEASING = YES;
				CLANG_WARN_BOOL_CONVERSION = YES;
				CLANG_WARN_COMMA = YES;
				CLANG_WARN_CONSTANT_CONVERSION = YES;
				CLANG_WARN_DEPRECATED_OBJC_IMPLEMENTATIONS = YES;
				CLANG_WARN_DIRECT_OBJC_ISA_USAGE = YES_ERROR;
				CLANG_WARN_DOCUMENTATION_COMMENTS = YES;
				CLANG_WARN_EMPTY_BODY = YES;
				CLANG_WARN_ENUM_CONVERSION = YES;
				CLANG_WARN_INFINITE_RECURSION = YES;
				CLANG_WARN_INT_CONVERSION = YES;
				CLANG_WARN_NON_LITERAL_NULL_CONVERSION = YES;
				CLANG_WARN_OBJC_IMPLICIT_RETAIN_SELF = YES;
				CLANG_WARN_OBJC_LITERAL_CONVERSION = YES;
				CLANG_WARN_OBJC_ROOT_CLASS = YES_ERROR;
				CLANG_WARN_RANGE_LOOP_ANALYSIS = YES;
				CLANG_WARN_STRICT_PROTOTYPES = YES;
				CLANG_WARN_SUSPICIOUS_MOVE = YES;
				CLANG_WARN_UNGUARDED_AVAILABILITY = YES_AGGRESSIVE;
				CLANG_WARN_UNREACHABLE_CODE = YES;
				CLANG_WARN__DUPLICATE_METHOD_MATCH = YES;
				COPY_PHASE_STRIP = NO;
				DEBUG_INFORMATION_FORMAT = dwarf;
				ENABLE_STRICT_OBJC_MSGSEND = YES;
				ENABLE_TESTABILITY = YES;
				GCC_C_LANGUAGE_STANDARD = gnu11;
				GCC_DYNAMIC_NO_PIC = NO;
				GCC_NO_COMMON_BLOCKS = YES;
				GCC_OPTIMIZATION_LEVEL = 0;
				GCC_PREPROCESSOR_DEFINITIONS = (
					"DEBUG=1",
					"$(inherited)",
				);
				GCC_WARN_64_TO_32_BIT_CONVERSION = YES;
				GCC_WARN_ABOUT_RETURN_TYPE = YES_ERROR;
				GCC_WARN_UNDECLARED_SELECTOR = YES;
				GCC_WARN_UNINITIALIZED_AUTOS = YES_AGGRESSIVE;
				GCC_WARN_UNUSED_FUNCTION = YES;
				GCC_WARN_UNUSED_VARIABLE = YES;
				IPHONEOS_DEPLOYMENT_TARGET = 13.2;
				MTL_ENABLE_DEBUG_INFO = INCLUDE_SOURCE;
				MTL_FAST_MATH = YES;
				ONLY_ACTIVE_ARCH = YES;
				SDKROOT = iphoneos;
				SWIFT_ACTIVE_COMPILATION_CONDITIONS = DEBUG;
				SWIFT_OPTIMIZATION_LEVEL = "-Onone";
			};
			name = Debug;
		};
		0D15C1992406CC7300DDF59D /* Release */ = {
			isa = XCBuildConfiguration;
			buildSettings = {
				ALWAYS_SEARCH_USER_PATHS = NO;
				CLANG_ANALYZER_NONNULL = YES;
				CLANG_ANALYZER_NUMBER_OBJECT_CONVERSION = YES_AGGRESSIVE;
				CLANG_CXX_LANGUAGE_STANDARD = "gnu++14";
				CLANG_CXX_LIBRARY = "libc++";
				CLANG_ENABLE_MODULES = YES;
				CLANG_ENABLE_OBJC_ARC = YES;
				CLANG_ENABLE_OBJC_WEAK = YES;
				CLANG_WARN_BLOCK_CAPTURE_AUTORELEASING = YES;
				CLANG_WARN_BOOL_CONVERSION = YES;
				CLANG_WARN_COMMA = YES;
				CLANG_WARN_CONSTANT_CONVERSION = YES;
				CLANG_WARN_DEPRECATED_OBJC_IMPLEMENTATIONS = YES;
				CLANG_WARN_DIRECT_OBJC_ISA_USAGE = YES_ERROR;
				CLANG_WARN_DOCUMENTATION_COMMENTS = YES;
				CLANG_WARN_EMPTY_BODY = YES;
				CLANG_WARN_ENUM_CONVERSION = YES;
				CLANG_WARN_INFINITE_RECURSION = YES;
				CLANG_WARN_INT_CONVERSION = YES;
				CLANG_WARN_NON_LITERAL_NULL_CONVERSION = YES;
				CLANG_WARN_OBJC_IMPLICIT_RETAIN_SELF = YES;
				CLANG_WARN_OBJC_LITERAL_CONVERSION = YES;
				CLANG_WARN_OBJC_ROOT_CLASS = YES_ERROR;
				CLANG_WARN_RANGE_LOOP_ANALYSIS = YES;
				CLANG_WARN_STRICT_PROTOTYPES = YES;
				CLANG_WARN_SUSPICIOUS_MOVE = YES;
				CLANG_WARN_UNGUARDED_AVAILABILITY = YES_AGGRESSIVE;
				CLANG_WARN_UNREACHABLE_CODE = YES;
				CLANG_WARN__DUPLICATE_METHOD_MATCH = YES;
				COPY_PHASE_STRIP = NO;
				DEBUG_INFORMATION_FORMAT = "dwarf-with-dsym";
				ENABLE_NS_ASSERTIONS = NO;
				ENABLE_STRICT_OBJC_MSGSEND = YES;
				GCC_C_LANGUAGE_STANDARD = gnu11;
				GCC_NO_COMMON_BLOCKS = YES;
				GCC_WARN_64_TO_32_BIT_CONVERSION = YES;
				GCC_WARN_ABOUT_RETURN_TYPE = YES_ERROR;
				GCC_WARN_UNDECLARED_SELECTOR = YES;
				GCC_WARN_UNINITIALIZED_AUTOS = YES_AGGRESSIVE;
				GCC_WARN_UNUSED_FUNCTION = YES;
				GCC_WARN_UNUSED_VARIABLE = YES;
				IPHONEOS_DEPLOYMENT_TARGET = 13.2;
				MTL_ENABLE_DEBUG_INFO = NO;
				MTL_FAST_MATH = YES;
				SDKROOT = iphoneos;
				SWIFT_COMPILATION_MODE = wholemodule;
				SWIFT_OPTIMIZATION_LEVEL = "-O";
				VALIDATE_PRODUCT = YES;
			};
			name = Release;
		};
		0D15C19B2406CC7300DDF59D /* Debug */ = {
			isa = XCBuildConfiguration;
			buildSettings = {
				ASSETCATALOG_COMPILER_APPICON_NAME = AppIcon;
				CODE_SIGN_STYLE = Automatic;
				INFOPLIST_FILE = MusicByLocation/Info.plist;
				LD_RUNPATH_SEARCH_PATHS = (
					"$(inherited)",
					"@executable_path/Frameworks",
				);
				PRODUCT_BUNDLE_IDENTIFIER = com.jjandrew.MusicByLocation;
				PRODUCT_NAME = "$(TARGET_NAME)";
				SWIFT_VERSION = 5.0;
				TARGETED_DEVICE_FAMILY = "1,2";
			};
			name = Debug;
		};
		0D15C19C2406CC7300DDF59D /* Release */ = {
			isa = XCBuildConfiguration;
			buildSettings = {
				ASSETCATALOG_COMPILER_APPICON_NAME = AppIcon;
				CODE_SIGN_STYLE = Automatic;
				INFOPLIST_FILE = MusicByLocation/Info.plist;
				LD_RUNPATH_SEARCH_PATHS = (
					"$(inherited)",
					"@executable_path/Frameworks",
				);
				PRODUCT_BUNDLE_IDENTIFIER = com.jjandrew.MusicByLocation;
				PRODUCT_NAME = "$(TARGET_NAME)";
				SWIFT_VERSION = 5.0;
				TARGETED_DEVICE_FAMILY = "1,2";
			};
			name = Release;
		};
		0D15C19E2406CC7300DDF59D /* Debug */ = {
			isa = XCBuildConfiguration;
			buildSettings = {
				ALWAYS_EMBED_SWIFT_STANDARD_LIBRARIES = YES;
				BUNDLE_LOADER = "$(TEST_HOST)";
				CODE_SIGN_STYLE = Automatic;
				INFOPLIST_FILE = MusicByLocationTests/Info.plist;
				IPHONEOS_DEPLOYMENT_TARGET = 13.2;
				LD_RUNPATH_SEARCH_PATHS = (
					"$(inherited)",
					"@executable_path/Frameworks",
					"@loader_path/Frameworks",
				);
				PRODUCT_BUNDLE_IDENTIFIER = com.jjandrew.MusicByLocationTests;
				PRODUCT_NAME = "$(TARGET_NAME)";
				SWIFT_VERSION = 5.0;
				TARGETED_DEVICE_FAMILY = "1,2";
				TEST_HOST = "$(BUILT_PRODUCTS_DIR)/MusicByLocation.app/MusicByLocation";
			};
			name = Debug;
		};
		0D15C19F2406CC7300DDF59D /* Release */ = {
			isa = XCBuildConfiguration;
			buildSettings = {
				ALWAYS_EMBED_SWIFT_STANDARD_LIBRARIES = YES;
				BUNDLE_LOADER = "$(TEST_HOST)";
				CODE_SIGN_STYLE = Automatic;
				INFOPLIST_FILE = MusicByLocationTests/Info.plist;
				IPHONEOS_DEPLOYMENT_TARGET = 13.2;
				LD_RUNPATH_SEARCH_PATHS = (
					"$(inherited)",
					"@executable_path/Frameworks",
					"@loader_path/Frameworks",
				);
				PRODUCT_BUNDLE_IDENTIFIER = com.jjandrew.MusicByLocationTests;
				PRODUCT_NAME = "$(TARGET_NAME)";
				SWIFT_VERSION = 5.0;
				TARGETED_DEVICE_FAMILY = "1,2";
				TEST_HOST = "$(BUILT_PRODUCTS_DIR)/MusicByLocation.app/MusicByLocation";
			};
			name = Release;
		};
		0D15C1A12406CC7300DDF59D /* Debug */ = {
			isa = XCBuildConfiguration;
			buildSettings = {
				ALWAYS_EMBED_SWIFT_STANDARD_LIBRARIES = YES;
				CODE_SIGN_STYLE = Automatic;
				INFOPLIST_FILE = MusicByLocationUITests/Info.plist;
				LD_RUNPATH_SEARCH_PATHS = (
					"$(inherited)",
					"@executable_path/Frameworks",
					"@loader_path/Frameworks",
				);
				PRODUCT_BUNDLE_IDENTIFIER = com.jjandrew.MusicByLocationUITests;
				PRODUCT_NAME = "$(TARGET_NAME)";
				SWIFT_VERSION = 5.0;
				TARGETED_DEVICE_FAMILY = "1,2";
				TEST_TARGET_NAME = MusicByLocation;
			};
			name = Debug;
		};
		0D15C1A22406CC7300DDF59D /* Release */ = {
			isa = XCBuildConfiguration;
			buildSettings = {
				ALWAYS_EMBED_SWIFT_STANDARD_LIBRARIES = YES;
				CODE_SIGN_STYLE = Automatic;
				INFOPLIST_FILE = MusicByLocationUITests/Info.plist;
				LD_RUNPATH_SEARCH_PATHS = (
					"$(inherited)",
					"@executable_path/Frameworks",
					"@loader_path/Frameworks",
				);
				PRODUCT_BUNDLE_IDENTIFIER = com.jjandrew.MusicByLocationUITests;
				PRODUCT_NAME = "$(TARGET_NAME)";
				SWIFT_VERSION = 5.0;
				TARGETED_DEVICE_FAMILY = "1,2";
				TEST_TARGET_NAME = MusicByLocation;
			};
			name = Release;
		};
/* End XCBuildConfiguration section */

/* Begin XCConfigurationList section */
		0D15C16B2406CC6A00DDF59D /* Build configuration list for PBXProject "MusicByLocation" */ = {
			isa = XCConfigurationList;
			buildConfigurations = (
				0D15C1982406CC7300DDF59D /* Debug */,
				0D15C1992406CC7300DDF59D /* Release */,
			);
			defaultConfigurationIsVisible = 0;
			defaultConfigurationName = Release;
		};
		0D15C19A2406CC7300DDF59D /* Build configuration list for PBXNativeTarget "MusicByLocation" */ = {
			isa = XCConfigurationList;
			buildConfigurations = (
				0D15C19B2406CC7300DDF59D /* Debug */,
				0D15C19C2406CC7300DDF59D /* Release */,
			);
			defaultConfigurationIsVisible = 0;
			defaultConfigurationName = Release;
		};
		0D15C19D2406CC7300DDF59D /* Build configuration list for PBXNativeTarget "MusicByLocationTests" */ = {
			isa = XCConfigurationList;
			buildConfigurations = (
				0D15C19E2406CC7300DDF59D /* Debug */,
				0D15C19F2406CC7300DDF59D /* Release */,
			);
			defaultConfigurationIsVisible = 0;
			defaultConfigurationName = Release;
		};
		0D15C1A02406CC7300DDF59D /* Build configuration list for PBXNativeTarget "MusicByLocationUITests" */ = {
			isa = XCConfigurationList;
			buildConfigurations = (
				0D15C1A12406CC7300DDF59D /* Debug */,
				0D15C1A22406CC7300DDF59D /* Release */,
			);
			defaultConfigurationIsVisible = 0;
			defaultConfigurationName = Release;
		};
/* End XCConfigurationList section */
	};
	rootObject = 0D15C1682406CC6A00DDF59D /* Project object */;
}
