// !$*UTF8*$!
{
	archiveVersion = 1;
	classes = {
	};
	objectVersion = 50;
	objects = {

/* Begin PBXBuildFile section */
		C6B9569823E058E9009FCF42 /* AppDelegate.swift in Sources */ = {isa = PBXBuildFile; fileRef = C6B9569723E058E9009FCF42 /* AppDelegate.swift */; };
		C6B9569A23E058E9009FCF42 /* SceneDelegate.swift in Sources */ = {isa = PBXBuildFile; fileRef = C6B9569923E058E9009FCF42 /* SceneDelegate.swift */; };
		C6B9569C23E058E9009FCF42 /* ViewController.swift in Sources */ = {isa = PBXBuildFile; fileRef = C6B9569B23E058E9009FCF42 /* ViewController.swift */; };
		C6B9569F23E058E9009FCF42 /* Main.storyboard in Resources */ = {isa = PBXBuildFile; fileRef = C6B9569D23E058E9009FCF42 /* Main.storyboard */; };
		C6B956A123E058EA009FCF42 /* Assets.xcassets in Resources */ = {isa = PBXBuildFile; fileRef = C6B956A023E058EA009FCF42 /* Assets.xcassets */; };
		C6B956A423E058EA009FCF42 /* LaunchScreen.storyboard in Resources */ = {isa = PBXBuildFile; fileRef = C6B956A223E058EA009FCF42 /* LaunchScreen.storyboard */; };
		C6B956AF23E058EA009FCF42 /* VisualisingDataStructuresTests.swift in Sources */ = {isa = PBXBuildFile; fileRef = C6B956AE23E058EA009FCF42 /* VisualisingDataStructuresTests.swift */; };
		C6B956BA23E058EA009FCF42 /* VisualisingDataStructuresUITests.swift in Sources */ = {isa = PBXBuildFile; fileRef = C6B956B923E058EA009FCF42 /* VisualisingDataStructuresUITests.swift */; };
		C6B956C823E05931009FCF42 /* Stack.swift in Sources */ = {isa = PBXBuildFile; fileRef = C6B956C723E05931009FCF42 /* Stack.swift */; };
/* End PBXBuildFile section */

/* Begin PBXContainerItemProxy section */
		C6B956AB23E058EA009FCF42 /* PBXContainerItemProxy */ = {
			isa = PBXContainerItemProxy;
			containerPortal = C6B9568C23E058E9009FCF42 /* Project object */;
			proxyType = 1;
			remoteGlobalIDString = C6B9569323E058E9009FCF42;
			remoteInfo = VisualisingDataStructures;
		};
		C6B956B623E058EA009FCF42 /* PBXContainerItemProxy */ = {
			isa = PBXContainerItemProxy;
			containerPortal = C6B9568C23E058E9009FCF42 /* Project object */;
			proxyType = 1;
			remoteGlobalIDString = C6B9569323E058E9009FCF42;
			remoteInfo = VisualisingDataStructures;
		};
/* End PBXContainerItemProxy section */

/* Begin PBXFileReference section */
		C6B9569423E058E9009FCF42 /* VisualisingDataStructures.app */ = {isa = PBXFileReference; explicitFileType = wrapper.application; includeInIndex = 0; path = VisualisingDataStructures.app; sourceTree = BUILT_PRODUCTS_DIR; };
		C6B9569723E058E9009FCF42 /* AppDelegate.swift */ = {isa = PBXFileReference; lastKnownFileType = sourcecode.swift; path = AppDelegate.swift; sourceTree = "<group>"; };
		C6B9569923E058E9009FCF42 /* SceneDelegate.swift */ = {isa = PBXFileReference; lastKnownFileType = sourcecode.swift; path = SceneDelegate.swift; sourceTree = "<group>"; };
		C6B9569B23E058E9009FCF42 /* ViewController.swift */ = {isa = PBXFileReference; lastKnownFileType = sourcecode.swift; path = ViewController.swift; sourceTree = "<group>"; };
		C6B9569E23E058E9009FCF42 /* Base */ = {isa = PBXFileReference; lastKnownFileType = file.storyboard; name = Base; path = Base.lproj/Main.storyboard; sourceTree = "<group>"; };
		C6B956A023E058EA009FCF42 /* Assets.xcassets */ = {isa = PBXFileReference; lastKnownFileType = folder.assetcatalog; path = Assets.xcassets; sourceTree = "<group>"; };
		C6B956A323E058EA009FCF42 /* Base */ = {isa = PBXFileReference; lastKnownFileType = file.storyboard; name = Base; path = Base.lproj/LaunchScreen.storyboard; sourceTree = "<group>"; };
		C6B956A523E058EA009FCF42 /* Info.plist */ = {isa = PBXFileReference; lastKnownFileType = text.plist.xml; path = Info.plist; sourceTree = "<group>"; };
		C6B956AA23E058EA009FCF42 /* VisualisingDataStructuresTests.xctest */ = {isa = PBXFileReference; explicitFileType = wrapper.cfbundle; includeInIndex = 0; path = VisualisingDataStructuresTests.xctest; sourceTree = BUILT_PRODUCTS_DIR; };
		C6B956AE23E058EA009FCF42 /* VisualisingDataStructuresTests.swift */ = {isa = PBXFileReference; lastKnownFileType = sourcecode.swift; path = VisualisingDataStructuresTests.swift; sourceTree = "<group>"; };
		C6B956B023E058EA009FCF42 /* Info.plist */ = {isa = PBXFileReference; lastKnownFileType = text.plist.xml; path = Info.plist; sourceTree = "<group>"; };
		C6B956B523E058EA009FCF42 /* VisualisingDataStructuresUITests.xctest */ = {isa = PBXFileReference; explicitFileType = wrapper.cfbundle; includeInIndex = 0; path = VisualisingDataStructuresUITests.xctest; sourceTree = BUILT_PRODUCTS_DIR; };
		C6B956B923E058EA009FCF42 /* VisualisingDataStructuresUITests.swift */ = {isa = PBXFileReference; lastKnownFileType = sourcecode.swift; path = VisualisingDataStructuresUITests.swift; sourceTree = "<group>"; };
		C6B956BB23E058EA009FCF42 /* Info.plist */ = {isa = PBXFileReference; lastKnownFileType = text.plist.xml; path = Info.plist; sourceTree = "<group>"; };
		C6B956C723E05931009FCF42 /* Stack.swift */ = {isa = PBXFileReference; lastKnownFileType = sourcecode.swift; path = Stack.swift; sourceTree = "<group>"; };
/* End PBXFileReference section */

/* Begin PBXFrameworksBuildPhase section */
		C6B9569123E058E9009FCF42 /* Frameworks */ = {
			isa = PBXFrameworksBuildPhase;
			buildActionMask = 2147483647;
			files = (
			);
			runOnlyForDeploymentPostprocessing = 0;
		};
		C6B956A723E058EA009FCF42 /* Frameworks */ = {
			isa = PBXFrameworksBuildPhase;
			buildActionMask = 2147483647;
			files = (
			);
			runOnlyForDeploymentPostprocessing = 0;
		};
		C6B956B223E058EA009FCF42 /* Frameworks */ = {
			isa = PBXFrameworksBuildPhase;
			buildActionMask = 2147483647;
			files = (
			);
			runOnlyForDeploymentPostprocessing = 0;
		};
/* End PBXFrameworksBuildPhase section */

/* Begin PBXGroup section */
		C6B9568B23E058E9009FCF42 = {
			isa = PBXGroup;
			children = (
				C6B9569623E058E9009FCF42 /* VisualisingDataStructures */,
				C6B956AD23E058EA009FCF42 /* VisualisingDataStructuresTests */,
				C6B956B823E058EA009FCF42 /* VisualisingDataStructuresUITests */,
				C6B9569523E058E9009FCF42 /* Products */,
			);
			sourceTree = "<group>";
		};
		C6B9569523E058E9009FCF42 /* Products */ = {
			isa = PBXGroup;
			children = (
				C6B9569423E058E9009FCF42 /* VisualisingDataStructures.app */,
				C6B956AA23E058EA009FCF42 /* VisualisingDataStructuresTests.xctest */,
				C6B956B523E058EA009FCF42 /* VisualisingDataStructuresUITests.xctest */,
			);
			name = Products;
			sourceTree = "<group>";
		};
		C6B9569623E058E9009FCF42 /* VisualisingDataStructures */ = {
			isa = PBXGroup;
			children = (
				C6B9569723E058E9009FCF42 /* AppDelegate.swift */,
				C6B9569923E058E9009FCF42 /* SceneDelegate.swift */,
				C6B9569B23E058E9009FCF42 /* ViewController.swift */,
				C6B9569D23E058E9009FCF42 /* Main.storyboard */,
				C6B956A023E058EA009FCF42 /* Assets.xcassets */,
				C6B956A223E058EA009FCF42 /* LaunchScreen.storyboard */,
				C6B956A523E058EA009FCF42 /* Info.plist */,
				C6B956C723E05931009FCF42 /* Stack.swift */,
			);
			path = VisualisingDataStructures;
			sourceTree = "<group>";
		};
		C6B956AD23E058EA009FCF42 /* VisualisingDataStructuresTests */ = {
			isa = PBXGroup;
			children = (
				C6B956AE23E058EA009FCF42 /* VisualisingDataStructuresTests.swift */,
				C6B956B023E058EA009FCF42 /* Info.plist */,
			);
			path = VisualisingDataStructuresTests;
			sourceTree = "<group>";
		};
		C6B956B823E058EA009FCF42 /* VisualisingDataStructuresUITests */ = {
			isa = PBXGroup;
			children = (
				C6B956B923E058EA009FCF42 /* VisualisingDataStructuresUITests.swift */,
				C6B956BB23E058EA009FCF42 /* Info.plist */,
			);
			path = VisualisingDataStructuresUITests;
			sourceTree = "<group>";
		};
/* End PBXGroup section */

/* Begin PBXNativeTarget section */
		C6B9569323E058E9009FCF42 /* VisualisingDataStructures */ = {
			isa = PBXNativeTarget;
			buildConfigurationList = C6B956BE23E058EA009FCF42 /* Build configuration list for PBXNativeTarget "VisualisingDataStructures" */;
			buildPhases = (
				C6B9569023E058E9009FCF42 /* Sources */,
				C6B9569123E058E9009FCF42 /* Frameworks */,
				C6B9569223E058E9009FCF42 /* Resources */,
			);
			buildRules = (
			);
			dependencies = (
			);
			name = VisualisingDataStructures;
			productName = VisualisingDataStructures;
			productReference = C6B9569423E058E9009FCF42 /* VisualisingDataStructures.app */;
			productType = "com.apple.product-type.application";
		};
		C6B956A923E058EA009FCF42 /* VisualisingDataStructuresTests */ = {
			isa = PBXNativeTarget;
			buildConfigurationList = C6B956C123E058EA009FCF42 /* Build configuration list for PBXNativeTarget "VisualisingDataStructuresTests" */;
			buildPhases = (
				C6B956A623E058EA009FCF42 /* Sources */,
				C6B956A723E058EA009FCF42 /* Frameworks */,
				C6B956A823E058EA009FCF42 /* Resources */,
			);
			buildRules = (
			);
			dependencies = (
				C6B956AC23E058EA009FCF42 /* PBXTargetDependency */,
			);
			name = VisualisingDataStructuresTests;
			productName = VisualisingDataStructuresTests;
			productReference = C6B956AA23E058EA009FCF42 /* VisualisingDataStructuresTests.xctest */;
			productType = "com.apple.product-type.bundle.unit-test";
		};
		C6B956B423E058EA009FCF42 /* VisualisingDataStructuresUITests */ = {
			isa = PBXNativeTarget;
			buildConfigurationList = C6B956C423E058EA009FCF42 /* Build configuration list for PBXNativeTarget "VisualisingDataStructuresUITests" */;
			buildPhases = (
				C6B956B123E058EA009FCF42 /* Sources */,
				C6B956B223E058EA009FCF42 /* Frameworks */,
				C6B956B323E058EA009FCF42 /* Resources */,
			);
			buildRules = (
			);
			dependencies = (
				C6B956B723E058EA009FCF42 /* PBXTargetDependency */,
			);
			name = VisualisingDataStructuresUITests;
			productName = VisualisingDataStructuresUITests;
			productReference = C6B956B523E058EA009FCF42 /* VisualisingDataStructuresUITests.xctest */;
			productType = "com.apple.product-type.bundle.ui-testing";
		};
/* End PBXNativeTarget section */

/* Begin PBXProject section */
		C6B9568C23E058E9009FCF42 /* Project object */ = {
			isa = PBXProject;
			attributes = {
				LastSwiftUpdateCheck = 1130;
				LastUpgradeCheck = 1130;
				ORGANIZATIONNAME = "Andrew, James (NA)";
				TargetAttributes = {
					C6B9569323E058E9009FCF42 = {
						CreatedOnToolsVersion = 11.3;
					};
					C6B956A923E058EA009FCF42 = {
						CreatedOnToolsVersion = 11.3;
						TestTargetID = C6B9569323E058E9009FCF42;
					};
					C6B956B423E058EA009FCF42 = {
						CreatedOnToolsVersion = 11.3;
						TestTargetID = C6B9569323E058E9009FCF42;
					};
				};
			};
			buildConfigurationList = C6B9568F23E058E9009FCF42 /* Build configuration list for PBXProject "VisualisingDataStructures" */;
			compatibilityVersion = "Xcode 9.3";
			developmentRegion = en;
			hasScannedForEncodings = 0;
			knownRegions = (
				en,
				Base,
			);
			mainGroup = C6B9568B23E058E9009FCF42;
			productRefGroup = C6B9569523E058E9009FCF42 /* Products */;
			projectDirPath = "";
			projectRoot = "";
			targets = (
				C6B9569323E058E9009FCF42 /* VisualisingDataStructures */,
				C6B956A923E058EA009FCF42 /* VisualisingDataStructuresTests */,
				C6B956B423E058EA009FCF42 /* VisualisingDataStructuresUITests */,
			);
		};
/* End PBXProject section */

/* Begin PBXResourcesBuildPhase section */
		C6B9569223E058E9009FCF42 /* Resources */ = {
			isa = PBXResourcesBuildPhase;
			buildActionMask = 2147483647;
			files = (
				C6B956A423E058EA009FCF42 /* LaunchScreen.storyboard in Resources */,
				C6B956A123E058EA009FCF42 /* Assets.xcassets in Resources */,
				C6B9569F23E058E9009FCF42 /* Main.storyboard in Resources */,
			);
			runOnlyForDeploymentPostprocessing = 0;
		};
		C6B956A823E058EA009FCF42 /* Resources */ = {
			isa = PBXResourcesBuildPhase;
			buildActionMask = 2147483647;
			files = (
			);
			runOnlyForDeploymentPostprocessing = 0;
		};
		C6B956B323E058EA009FCF42 /* Resources */ = {
			isa = PBXResourcesBuildPhase;
			buildActionMask = 2147483647;
			files = (
			);
			runOnlyForDeploymentPostprocessing = 0;
		};
/* End PBXResourcesBuildPhase section */

/* Begin PBXSourcesBuildPhase section */
		C6B9569023E058E9009FCF42 /* Sources */ = {
			isa = PBXSourcesBuildPhase;
			buildActionMask = 2147483647;
			files = (
				C6B956C823E05931009FCF42 /* Stack.swift in Sources */,
				C6B9569C23E058E9009FCF42 /* ViewController.swift in Sources */,
				C6B9569823E058E9009FCF42 /* AppDelegate.swift in Sources */,
				C6B9569A23E058E9009FCF42 /* SceneDelegate.swift in Sources */,
			);
			runOnlyForDeploymentPostprocessing = 0;
		};
		C6B956A623E058EA009FCF42 /* Sources */ = {
			isa = PBXSourcesBuildPhase;
			buildActionMask = 2147483647;
			files = (
				C6B956AF23E058EA009FCF42 /* VisualisingDataStructuresTests.swift in Sources */,
			);
			runOnlyForDeploymentPostprocessing = 0;
		};
		C6B956B123E058EA009FCF42 /* Sources */ = {
			isa = PBXSourcesBuildPhase;
			buildActionMask = 2147483647;
			files = (
				C6B956BA23E058EA009FCF42 /* VisualisingDataStructuresUITests.swift in Sources */,
			);
			runOnlyForDeploymentPostprocessing = 0;
		};
/* End PBXSourcesBuildPhase section */

/* Begin PBXTargetDependency section */
		C6B956AC23E058EA009FCF42 /* PBXTargetDependency */ = {
			isa = PBXTargetDependency;
			target = C6B9569323E058E9009FCF42 /* VisualisingDataStructures */;
			targetProxy = C6B956AB23E058EA009FCF42 /* PBXContainerItemProxy */;
		};
		C6B956B723E058EA009FCF42 /* PBXTargetDependency */ = {
			isa = PBXTargetDependency;
			target = C6B9569323E058E9009FCF42 /* VisualisingDataStructures */;
			targetProxy = C6B956B623E058EA009FCF42 /* PBXContainerItemProxy */;
		};
/* End PBXTargetDependency section */

/* Begin PBXVariantGroup section */
		C6B9569D23E058E9009FCF42 /* Main.storyboard */ = {
			isa = PBXVariantGroup;
			children = (
				C6B9569E23E058E9009FCF42 /* Base */,
			);
			name = Main.storyboard;
			sourceTree = "<group>";
		};
		C6B956A223E058EA009FCF42 /* LaunchScreen.storyboard */ = {
			isa = PBXVariantGroup;
			children = (
				C6B956A323E058EA009FCF42 /* Base */,
			);
			name = LaunchScreen.storyboard;
			sourceTree = "<group>";
		};
/* End PBXVariantGroup section */

/* Begin XCBuildConfiguration section */
		C6B956BC23E058EA009FCF42 /* Debug */ = {
			isa = XCBuildConfiguration;
			buildSettings = {
				ALWAYS_SEARCH_USER_PATHS = NO;
				CLANG_ANALYZER_NONNULL = YES;
				CLANG_ANALYZER_NUMBER_OBJECT_CONVERSION = YES_AGGRESSIVE;
				CLANG_CXX_LANGUAGE_STANDARD = "gnu++14";
				CLANG_CXX_LIBRARY = "libc++";
				CLANG_ENABLE_MODULES = YES;
				CLANG_ENABLE_OBJC_ARC = YES;
				CLANG_ENABLE_OBJC_WEAK = YES;
				CLANG_WARN_BLOCK_CAPTURE_AUTORELEASING = YES;
				CLANG_WARN_BOOL_CONVERSION = YES;
				CLANG_WARN_COMMA = YES;
				CLANG_WARN_CONSTANT_CONVERSION = YES;
				CLANG_WARN_DEPRECATED_OBJC_IMPLEMENTATIONS = YES;
				CLANG_WARN_DIRECT_OBJC_ISA_USAGE = YES_ERROR;
				CLANG_WARN_DOCUMENTATION_COMMENTS = YES;
				CLANG_WARN_EMPTY_BODY = YES;
				CLANG_WARN_ENUM_CONVERSION = YES;
				CLANG_WARN_INFINITE_RECURSION = YES;
				CLANG_WARN_INT_CONVERSION = YES;
				CLANG_WARN_NON_LITERAL_NULL_CONVERSION = YES;
				CLANG_WARN_OBJC_IMPLICIT_RETAIN_SELF = YES;
				CLANG_WARN_OBJC_LITERAL_CONVERSION = YES;
				CLANG_WARN_OBJC_ROOT_CLASS = YES_ERROR;
				CLANG_WARN_RANGE_LOOP_ANALYSIS = YES;
				CLANG_WARN_STRICT_PROTOTYPES = YES;
				CLANG_WARN_SUSPICIOUS_MOVE = YES;
				CLANG_WARN_UNGUARDED_AVAILABILITY = YES_AGGRESSIVE;
				CLANG_WARN_UNREACHABLE_CODE = YES;
				CLANG_WARN__DUPLICATE_METHOD_MATCH = YES;
				COPY_PHASE_STRIP = NO;
				DEBUG_INFORMATION_FORMAT = dwarf;
				ENABLE_STRICT_OBJC_MSGSEND = YES;
				ENABLE_TESTABILITY = YES;
				GCC_C_LANGUAGE_STANDARD = gnu11;
				GCC_DYNAMIC_NO_PIC = NO;
				GCC_NO_COMMON_BLOCKS = YES;
				GCC_OPTIMIZATION_LEVEL = 0;
				GCC_PREPROCESSOR_DEFINITIONS = (
					"DEBUG=1",
					"$(inherited)",
				);
				GCC_WARN_64_TO_32_BIT_CONVERSION = YES;
				GCC_WARN_ABOUT_RETURN_TYPE = YES_ERROR;
				GCC_WARN_UNDECLARED_SELECTOR = YES;
				GCC_WARN_UNINITIALIZED_AUTOS = YES_AGGRESSIVE;
				GCC_WARN_UNUSED_FUNCTION = YES;
				GCC_WARN_UNUSED_VARIABLE = YES;
				IPHONEOS_DEPLOYMENT_TARGET = 13.2;
				MTL_ENABLE_DEBUG_INFO = INCLUDE_SOURCE;
				MTL_FAST_MATH = YES;
				ONLY_ACTIVE_ARCH = YES;
				SDKROOT = iphoneos;
				SWIFT_ACTIVE_COMPILATION_CONDITIONS = DEBUG;
				SWIFT_OPTIMIZATION_LEVEL = "-Onone";
			};
			name = Debug;
		};
		C6B956BD23E058EA009FCF42 /* Release */ = {
			isa = XCBuildConfiguration;
			buildSettings = {
				ALWAYS_SEARCH_USER_PATHS = NO;
				CLANG_ANALYZER_NONNULL = YES;
				CLANG_ANALYZER_NUMBER_OBJECT_CONVERSION = YES_AGGRESSIVE;
				CLANG_CXX_LANGUAGE_STANDARD = "gnu++14";
				CLANG_CXX_LIBRARY = "libc++";
				CLANG_ENABLE_MODULES = YES;
				CLANG_ENABLE_OBJC_ARC = YES;
				CLANG_ENABLE_OBJC_WEAK = YES;
				CLANG_WARN_BLOCK_CAPTURE_AUTORELEASING = YES;
				CLANG_WARN_BOOL_CONVERSION = YES;
				CLANG_WARN_COMMA = YES;
				CLANG_WARN_CONSTANT_CONVERSION = YES;
				CLANG_WARN_DEPRECATED_OBJC_IMPLEMENTATIONS = YES;
				CLANG_WARN_DIRECT_OBJC_ISA_USAGE = YES_ERROR;
				CLANG_WARN_DOCUMENTATION_COMMENTS = YES;
				CLANG_WARN_EMPTY_BODY = YES;
				CLANG_WARN_ENUM_CONVERSION = YES;
				CLANG_WARN_INFINITE_RECURSION = YES;
				CLANG_WARN_INT_CONVERSION = YES;
				CLANG_WARN_NON_LITERAL_NULL_CONVERSION = YES;
				CLANG_WARN_OBJC_IMPLICIT_RETAIN_SELF = YES;
				CLANG_WARN_OBJC_LITERAL_CONVERSION = YES;
				CLANG_WARN_OBJC_ROOT_CLASS = YES_ERROR;
				CLANG_WARN_RANGE_LOOP_ANALYSIS = YES;
				CLANG_WARN_STRICT_PROTOTYPES = YES;
				CLANG_WARN_SUSPICIOUS_MOVE = YES;
				CLANG_WARN_UNGUARDED_AVAILABILITY = YES_AGGRESSIVE;
				CLANG_WARN_UNREACHABLE_CODE = YES;
				CLANG_WARN__DUPLICATE_METHOD_MATCH = YES;
				COPY_PHASE_STRIP = NO;
				DEBUG_INFORMATION_FORMAT = "dwarf-with-dsym";
				ENABLE_NS_ASSERTIONS = NO;
				ENABLE_STRICT_OBJC_MSGSEND = YES;
				GCC_C_LANGUAGE_STANDARD = gnu11;
				GCC_NO_COMMON_BLOCKS = YES;
				GCC_WARN_64_TO_32_BIT_CONVERSION = YES;
				GCC_WARN_ABOUT_RETURN_TYPE = YES_ERROR;
				GCC_WARN_UNDECLARED_SELECTOR = YES;
				GCC_WARN_UNINITIALIZED_AUTOS = YES_AGGRESSIVE;
				GCC_WARN_UNUSED_FUNCTION = YES;
				GCC_WARN_UNUSED_VARIABLE = YES;
				IPHONEOS_DEPLOYMENT_TARGET = 13.2;
				MTL_ENABLE_DEBUG_INFO = NO;
				MTL_FAST_MATH = YES;
				SDKROOT = iphoneos;
				SWIFT_COMPILATION_MODE = wholemodule;
				SWIFT_OPTIMIZATION_LEVEL = "-O";
				VALIDATE_PRODUCT = YES;
			};
			name = Release;
		};
		C6B956BF23E058EA009FCF42 /* Debug */ = {
			isa = XCBuildConfiguration;
			buildSettings = {
				ASSETCATALOG_COMPILER_APPICON_NAME = AppIcon;
				CODE_SIGN_STYLE = Automatic;
				INFOPLIST_FILE = VisualisingDataStructures/Info.plist;
				LD_RUNPATH_SEARCH_PATHS = (
					"$(inherited)",
					"@executable_path/Frameworks",
				);
				PRODUCT_BUNDLE_IDENTIFIER = com.jjandrew.VisualisingDataStructures;
				PRODUCT_NAME = "$(TARGET_NAME)";
				SWIFT_VERSION = 5.0;
				TARGETED_DEVICE_FAMILY = "1,2";
			};
			name = Debug;
		};
		C6B956C023E058EA009FCF42 /* Release */ = {
			isa = XCBuildConfiguration;
			buildSettings = {
				ASSETCATALOG_COMPILER_APPICON_NAME = AppIcon;
				CODE_SIGN_STYLE = Automatic;
				INFOPLIST_FILE = VisualisingDataStructures/Info.plist;
				LD_RUNPATH_SEARCH_PATHS = (
					"$(inherited)",
					"@executable_path/Frameworks",
				);
				PRODUCT_BUNDLE_IDENTIFIER = com.jjandrew.VisualisingDataStructures;
				PRODUCT_NAME = "$(TARGET_NAME)";
				SWIFT_VERSION = 5.0;
				TARGETED_DEVICE_FAMILY = "1,2";
			};
			name = Release;
		};
		C6B956C223E058EA009FCF42 /* Debug */ = {
			isa = XCBuildConfiguration;
			buildSettings = {
				ALWAYS_EMBED_SWIFT_STANDARD_LIBRARIES = YES;
				BUNDLE_LOADER = "$(TEST_HOST)";
				CODE_SIGN_STYLE = Automatic;
				INFOPLIST_FILE = VisualisingDataStructuresTests/Info.plist;
				IPHONEOS_DEPLOYMENT_TARGET = 13.2;
				LD_RUNPATH_SEARCH_PATHS = (
					"$(inherited)",
					"@executable_path/Frameworks",
					"@loader_path/Frameworks",
				);
				PRODUCT_BUNDLE_IDENTIFIER = com.jjandrew.VisualisingDataStructuresTests;
				PRODUCT_NAME = "$(TARGET_NAME)";
				SWIFT_VERSION = 5.0;
				TARGETED_DEVICE_FAMILY = "1,2";
				TEST_HOST = "$(BUILT_PRODUCTS_DIR)/VisualisingDataStructures.app/VisualisingDataStructures";
			};
			name = Debug;
		};
		C6B956C323E058EA009FCF42 /* Release */ = {
			isa = XCBuildConfiguration;
			buildSettings = {
				ALWAYS_EMBED_SWIFT_STANDARD_LIBRARIES = YES;
				BUNDLE_LOADER = "$(TEST_HOST)";
				CODE_SIGN_STYLE = Automatic;
				INFOPLIST_FILE = VisualisingDataStructuresTests/Info.plist;
				IPHONEOS_DEPLOYMENT_TARGET = 13.2;
				LD_RUNPATH_SEARCH_PATHS = (
					"$(inherited)",
					"@executable_path/Frameworks",
					"@loader_path/Frameworks",
				);
				PRODUCT_BUNDLE_IDENTIFIER = com.jjandrew.VisualisingDataStructuresTests;
				PRODUCT_NAME = "$(TARGET_NAME)";
				SWIFT_VERSION = 5.0;
				TARGETED_DEVICE_FAMILY = "1,2";
				TEST_HOST = "$(BUILT_PRODUCTS_DIR)/VisualisingDataStructures.app/VisualisingDataStructures";
			};
			name = Release;
		};
		C6B956C523E058EA009FCF42 /* Debug */ = {
			isa = XCBuildConfiguration;
			buildSettings = {
				ALWAYS_EMBED_SWIFT_STANDARD_LIBRARIES = YES;
				CODE_SIGN_STYLE = Automatic;
				INFOPLIST_FILE = VisualisingDataStructuresUITests/Info.plist;
				LD_RUNPATH_SEARCH_PATHS = (
					"$(inherited)",
					"@executable_path/Frameworks",
					"@loader_path/Frameworks",
				);
				PRODUCT_BUNDLE_IDENTIFIER = com.jjandrew.VisualisingDataStructuresUITests;
				PRODUCT_NAME = "$(TARGET_NAME)";
				SWIFT_VERSION = 5.0;
				TARGETED_DEVICE_FAMILY = "1,2";
				TEST_TARGET_NAME = VisualisingDataStructures;
			};
			name = Debug;
		};
		C6B956C623E058EA009FCF42 /* Release */ = {
			isa = XCBuildConfiguration;
			buildSettings = {
				ALWAYS_EMBED_SWIFT_STANDARD_LIBRARIES = YES;
				CODE_SIGN_STYLE = Automatic;
				INFOPLIST_FILE = VisualisingDataStructuresUITests/Info.plist;
				LD_RUNPATH_SEARCH_PATHS = (
					"$(inherited)",
					"@executable_path/Frameworks",
					"@loader_path/Frameworks",
				);
				PRODUCT_BUNDLE_IDENTIFIER = com.jjandrew.VisualisingDataStructuresUITests;
				PRODUCT_NAME = "$(TARGET_NAME)";
				SWIFT_VERSION = 5.0;
				TARGETED_DEVICE_FAMILY = "1,2";
				TEST_TARGET_NAME = VisualisingDataStructures;
			};
			name = Release;
		};
/* End XCBuildConfiguration section */

/* Begin XCConfigurationList section */
		C6B9568F23E058E9009FCF42 /* Build configuration list for PBXProject "VisualisingDataStructures" */ = {
			isa = XCConfigurationList;
			buildConfigurations = (
				C6B956BC23E058EA009FCF42 /* Debug */,
				C6B956BD23E058EA009FCF42 /* Release */,
			);
			defaultConfigurationIsVisible = 0;
			defaultConfigurationName = Release;
		};
		C6B956BE23E058EA009FCF42 /* Build configuration list for PBXNativeTarget "VisualisingDataStructures" */ = {
			isa = XCConfigurationList;
			buildConfigurations = (
				C6B956BF23E058EA009FCF42 /* Debug */,
				C6B956C023E058EA009FCF42 /* Release */,
			);
			defaultConfigurationIsVisible = 0;
			defaultConfigurationName = Release;
		};
		C6B956C123E058EA009FCF42 /* Build configuration list for PBXNativeTarget "VisualisingDataStructuresTests" */ = {
			isa = XCConfigurationList;
			buildConfigurations = (
				C6B956C223E058EA009FCF42 /* Debug */,
				C6B956C323E058EA009FCF42 /* Release */,
			);
			defaultConfigurationIsVisible = 0;
			defaultConfigurationName = Release;
		};
		C6B956C423E058EA009FCF42 /* Build configuration list for PBXNativeTarget "VisualisingDataStructuresUITests" */ = {
			isa = XCConfigurationList;
			buildConfigurations = (
				C6B956C523E058EA009FCF42 /* Debug */,
				C6B956C623E058EA009FCF42 /* Release */,
			);
			defaultConfigurationIsVisible = 0;
			defaultConfigurationName = Release;
		};
/* End XCConfigurationList section */
	};
	rootObject = C6B9568C23E058E9009FCF42 /* Project object */;
}
